
Microsoft Visual Studio Solution File, Format Version 12.00
Project("{FAE04EC0-301F-11D3-BF4B-00C04F79EFBC}") = "TestApp", "TestApp\TestApp.csproj", "{B6920E5E-4B70-4E0E-ABB4-4A29E4727800}"
EndProject
Global
	GlobalSection(SolutionConfigurationPlatforms) = preSolution
		Debug|Any CPU = Debug|Any CPU
		Release|Any CPU = Release|Any CPU
	EndGlobalSection
	GlobalSection(ProjectConfigurationPlatforms) = postSolution
		{B6920E5E-4B70-4E0E-ABB4-4A29E4727800}.Debug|Any CPU.ActiveCfg = Debug|Any CPU
		{B6920E5E-4B70-4E0E-ABB4-4A29E4727800}.Debug|Any CPU.Build.0 = Debug|Any CPU
		{B6920E5E-4B70-4E0E-ABB4-4A29E4727800}.Release|Any CPU.ActiveCfg = Release|Any CPU
		{B6920E5E-4B70-4E0E-ABB4-4A29E4727800}.Release|Any CPU.Build.0 = Release|Any CPU
	EndGlobalSection
EndGlobal
